
Microsoft Visual Studio Solution File, Format Version 12.00
# Visual Studio Version 17
VisualStudioVersion = 17.4.33213.308
MinimumVisualStudioVersion = 10.0.40219.1
Project("{FAE04EC0-301F-11D3-BF4B-00C04F79EFBC}") = "LanchesMac", "LanchesMac\LanchesMac.csproj", "{F35D6C75-9119-4684-ABB9-2E3998B4A6D1}"
EndProject
Global
	GlobalSection(SolutionConfigurationPlatforms) = preSolution
		Debug|Any CPU = Debug|Any CPU
		Release|Any CPU = Release|Any CPU
	EndGlobalSection
	GlobalSection(ProjectConfigurationPlatforms) = postSolution
		{F35D6C75-9119-4684-ABB9-2E3998B4A6D1}.Debug|Any CPU.ActiveCfg = Debug|Any CPU
		{F35D6C75-9119-4684-ABB9-2E3998B4A6D1}.Debug|Any CPU.Build.0 = Debug|Any CPU
		{F35D6C75-9119-4684-ABB9-2E3998B4A6D1}.Release|Any CPU.ActiveCfg = Release|Any CPU
		{F35D6C75-9119-4684-ABB9-2E3998B4A6D1}.Release|Any CPU.Build.0 = Release|Any CPU
	EndGlobalSection
	GlobalSection(SolutionProperties) = preSolution
		HideSolutionNode = FALSE
	EndGlobalSection
	GlobalSection(ExtensibilityGlobals) = postSolution
		SolutionGuid = {A89C13E1-B717-4F98-882C-B66FC074E78B}
	EndGlobalSection
EndGlobal
